
Microsoft Visual Studio Solution File, Format Version 12.00
# Visual Studio Version 17
VisualStudioVersion = 17.0.32014.148
MinimumVisualStudioVersion = 10.0.40219.1
Project("{9A19103F-16F7-4668-BE54-9A1E7A4F7556}") = "PokemonApi", "PokemonApi\PokemonApi.csproj", "{3553AD67-7176-4B73-A6EE-702C75E2DEEB}"
EndProject
Project("{9A19103F-16F7-4668-BE54-9A1E7A4F7556}") = "PokemonApi.Core", "PokemonApi.Core\PokemonApi.Core.csproj", "{8AC91842-71A7-4166-8154-8F9CA58345D7}"
EndProject
Project("{9A19103F-16F7-4668-BE54-9A1E7A4F7556}") = "PokemonApi.Infrastructure", "PokemonApi.Infrastructure\PokemonApi.Infrastructure.csproj", "{2052CAD4-CB08-45EB-A51E-B4ADDE40E8F6}"
EndProject
Project("{9A19103F-16F7-4668-BE54-9A1E7A4F7556}") = "PokemonApi.Test", "PokemonApi.Test\PokemonApi.Test.csproj", "{AB2C65BF-E348-4CD9-AE90-314111303E86}"
EndProject
Global
	GlobalSection(SolutionConfigurationPlatforms) = preSolution
		Debug|Any CPU = Debug|Any CPU
		Release|Any CPU = Release|Any CPU
	EndGlobalSection
	GlobalSection(ProjectConfigurationPlatforms) = postSolution
		{3553AD67-7176-4B73-A6EE-702C75E2DEEB}.Debug|Any CPU.ActiveCfg = Debug|Any CPU
		{3553AD67-7176-4B73-A6EE-702C75E2DEEB}.Debug|Any CPU.Build.0 = Debug|Any CPU
		{3553AD67-7176-4B73-A6EE-702C75E2DEEB}.Release|Any CPU.ActiveCfg = Release|Any CPU
		{3553AD67-7176-4B73-A6EE-702C75E2DEEB}.Release|Any CPU.Build.0 = Release|Any CPU
		{8AC91842-71A7-4166-8154-8F9CA58345D7}.Debug|Any CPU.ActiveCfg = Debug|Any CPU
		{8AC91842-71A7-4166-8154-8F9CA58345D7}.Debug|Any CPU.Build.0 = Debug|Any CPU
		{8AC91842-71A7-4166-8154-8F9CA58345D7}.Release|Any CPU.ActiveCfg = Release|Any CPU
		{8AC91842-71A7-4166-8154-8F9CA58345D7}.Release|Any CPU.Build.0 = Release|Any CPU
		{2052CAD4-CB08-45EB-A51E-B4ADDE40E8F6}.Debug|Any CPU.ActiveCfg = Debug|Any CPU
		{2052CAD4-CB08-45EB-A51E-B4ADDE40E8F6}.Debug|Any CPU.Build.0 = Debug|Any CPU
		{2052CAD4-CB08-45EB-A51E-B4ADDE40E8F6}.Release|Any CPU.ActiveCfg = Release|Any CPU
		{2052CAD4-CB08-45EB-A51E-B4ADDE40E8F6}.Release|Any CPU.Build.0 = Release|Any CPU
		{AB2C65BF-E348-4CD9-AE90-314111303E86}.Debug|Any CPU.ActiveCfg = Debug|Any CPU
		{AB2C65BF-E348-4CD9-AE90-314111303E86}.Debug|Any CPU.Build.0 = Debug|Any CPU
		{AB2C65BF-E348-4CD9-AE90-314111303E86}.Release|Any CPU.ActiveCfg = Release|Any CPU
		{AB2C65BF-E348-4CD9-AE90-314111303E86}.Release|Any CPU.Build.0 = Release|Any CPU
	EndGlobalSection
	GlobalSection(SolutionProperties) = preSolution
		HideSolutionNode = FALSE
	EndGlobalSection
	GlobalSection(ExtensibilityGlobals) = postSolution
		SolutionGuid = {94FD7A7D-04DC-4904-A323-96E254AB1B7B}
	EndGlobalSection
EndGlobal
